
Microsoft Visual Studio Solution File, Format Version 12.00
# Visual Studio 15
VisualStudioVersion = 15.0.26228.9
MinimumVisualStudioVersion = 10.0.40219.1
Project("{F184B08F-C81C-45F6-A57F-5ABD9991F28F}") = "BlindControl_SNU", "BlindControl_SNU\BlindControl_SNU.vbproj", "{4706D79F-7428-4C48-A1AF-37A1556C574C}"
EndProject
Global
	GlobalSection(SolutionConfigurationPlatforms) = preSolution
		Debug|Any CPU = Debug|Any CPU
		Release|Any CPU = Release|Any CPU
	EndGlobalSection
	GlobalSection(ProjectConfigurationPlatforms) = postSolution
		{4706D79F-7428-4C48-A1AF-37A1556C574C}.Debug|Any CPU.ActiveCfg = Debug|Any CPU
		{4706D79F-7428-4C48-A1AF-37A1556C574C}.Debug|Any CPU.Build.0 = Debug|Any CPU
		{4706D79F-7428-4C48-A1AF-37A1556C574C}.Release|Any CPU.ActiveCfg = Release|Any CPU
		{4706D79F-7428-4C48-A1AF-37A1556C574C}.Release|Any CPU.Build.0 = Release|Any CPU
	EndGlobalSection
	GlobalSection(SolutionProperties) = preSolution
		HideSolutionNode = FALSE
	EndGlobalSection
EndGlobal
